
Microsoft Visual Studio Solution File, Format Version 12.00
# Visual Studio 15
VisualStudioVersion = 15.0.27428.2002
MinimumVisualStudioVersion = 10.0.40219.1
Project("{FAE04EC0-301F-11D3-BF4B-00C04F79EFBC}") = "soferski servis", "soferski servis\soferski servis.csproj", "{BDCF4F63-9FD5-41AF-A72D-80542BE8ADAE}"
EndProject
Global
	GlobalSection(SolutionConfigurationPlatforms) = preSolution
		Debug|Any CPU = Debug|Any CPU
		Release|Any CPU = Release|Any CPU
	EndGlobalSection
	GlobalSection(ProjectConfigurationPlatforms) = postSolution
		{BDCF4F63-9FD5-41AF-A72D-80542BE8ADAE}.Debug|Any CPU.ActiveCfg = Debug|Any CPU
		{BDCF4F63-9FD5-41AF-A72D-80542BE8ADAE}.Debug|Any CPU.Build.0 = Debug|Any CPU
		{BDCF4F63-9FD5-41AF-A72D-80542BE8ADAE}.Release|Any CPU.ActiveCfg = Release|Any CPU
		{BDCF4F63-9FD5-41AF-A72D-80542BE8ADAE}.Release|Any CPU.Build.0 = Release|Any CPU
	EndGlobalSection
	GlobalSection(SolutionProperties) = preSolution
		HideSolutionNode = FALSE
	EndGlobalSection
	GlobalSection(ExtensibilityGlobals) = postSolution
		SolutionGuid = {27BA6857-EABD-4594-88CF-F834690F677C}
	EndGlobalSection
EndGlobal
